
Microsoft Visual Studio Solution File, Format Version 12.00
# Visual Studio 2013
VisualStudioVersion = 12.0.30501.0
MinimumVisualStudioVersion = 10.0.40219.1
Project("{FAE04EC0-301F-11D3-BF4B-00C04F79EFBC}") = "ScrambleWCFServiceLib", "ScrambleWCFServiceLib\ScrambleWCFServiceLib.csproj", "{05C41B25-FB9B-4D46-88A6-6241F3A3F000}"
EndProject
Project("{FAE04EC0-301F-11D3-BF4B-00C04F79EFBC}") = "Client", "Client\Client.csproj", "{BF0B0801-C564-4E85-91D1-B358FADF3A7A}"
	ProjectSection(ProjectDependencies) = postProject
		{05C41B25-FB9B-4D46-88A6-6241F3A3F000} = {05C41B25-FB9B-4D46-88A6-6241F3A3F000}
	EndProjectSection
EndProject
Global
	GlobalSection(SolutionConfigurationPlatforms) = preSolution
		Debug|Any CPU = Debug|Any CPU
		Release|Any CPU = Release|Any CPU
	EndGlobalSection
	GlobalSection(ProjectConfigurationPlatforms) = postSolution
		{05C41B25-FB9B-4D46-88A6-6241F3A3F000}.Debug|Any CPU.ActiveCfg = Debug|Any CPU
		{05C41B25-FB9B-4D46-88A6-6241F3A3F000}.Debug|Any CPU.Build.0 = Debug|Any CPU
		{05C41B25-FB9B-4D46-88A6-6241F3A3F000}.Release|Any CPU.ActiveCfg = Release|Any CPU
		{05C41B25-FB9B-4D46-88A6-6241F3A3F000}.Release|Any CPU.Build.0 = Release|Any CPU
		{BF0B0801-C564-4E85-91D1-B358FADF3A7A}.Debug|Any CPU.ActiveCfg = Debug|Any CPU
		{BF0B0801-C564-4E85-91D1-B358FADF3A7A}.Debug|Any CPU.Build.0 = Debug|Any CPU
		{BF0B0801-C564-4E85-91D1-B358FADF3A7A}.Release|Any CPU.ActiveCfg = Release|Any CPU
		{BF0B0801-C564-4E85-91D1-B358FADF3A7A}.Release|Any CPU.Build.0 = Release|Any CPU
	EndGlobalSection
	GlobalSection(SolutionProperties) = preSolution
		HideSolutionNode = FALSE
	EndGlobalSection
EndGlobal
